
Microsoft Visual Studio Solution File, Format Version 12.00
# Visual Studio Version 16
VisualStudioVersion = 16.0.30406.217
MinimumVisualStudioVersion = 10.0.40219.1
Project("{FAE04EC0-301F-11D3-BF4B-00C04F79EFBC}") = "Password Gen", "Password Gen\Password Gen.csproj", "{2E7A6FB8-BB33-4C6B-8F9F-EC50DF98599D}"
EndProject
Global
	GlobalSection(SolutionConfigurationPlatforms) = preSolution
		Debug|Any CPU = Debug|Any CPU
		Release|Any CPU = Release|Any CPU
	EndGlobalSection
	GlobalSection(ProjectConfigurationPlatforms) = postSolution
		{2E7A6FB8-BB33-4C6B-8F9F-EC50DF98599D}.Debug|Any CPU.ActiveCfg = Debug|Any CPU
		{2E7A6FB8-BB33-4C6B-8F9F-EC50DF98599D}.Debug|Any CPU.Build.0 = Debug|Any CPU
		{2E7A6FB8-BB33-4C6B-8F9F-EC50DF98599D}.Release|Any CPU.ActiveCfg = Release|Any CPU
		{2E7A6FB8-BB33-4C6B-8F9F-EC50DF98599D}.Release|Any CPU.Build.0 = Release|Any CPU
	EndGlobalSection
	GlobalSection(SolutionProperties) = preSolution
		HideSolutionNode = FALSE
	EndGlobalSection
	GlobalSection(ExtensibilityGlobals) = postSolution
		SolutionGuid = {5DA66B55-E437-4273-B779-DC0439C1533B}
	EndGlobalSection
EndGlobal
